
Microsoft Visual Studio Solution File, Format Version 12.00
# Visual Studio Version 17
VisualStudioVersion = 17.5.002.0
MinimumVisualStudioVersion = 10.0.40219.1
Project("{9A19103F-16F7-4668-BE54-9A1E7A4F7556}") = "Live360.Integration", ".\Live360.Integration.csproj", "{5AD8E4B0-3CC3-4F4A-96A9-692AF5914ED7}"
EndProject
Global
	GlobalSection(SolutionConfigurationPlatforms) = preSolution
		Debug|Any CPU = Debug|Any CPU
		Release|Any CPU = Release|Any CPU
	EndGlobalSection
	GlobalSection(ProjectConfigurationPlatforms) = postSolution
		{5AD8E4B0-3CC3-4F4A-96A9-692AF5914ED7}.Debug|Any CPU.ActiveCfg = Debug|Any CPU
		{5AD8E4B0-3CC3-4F4A-96A9-692AF5914ED7}.Debug|Any CPU.Build.0 = Debug|Any CPU
		{5AD8E4B0-3CC3-4F4A-96A9-692AF5914ED7}.Release|Any CPU.ActiveCfg = Release|Any CPU
		{5AD8E4B0-3CC3-4F4A-96A9-692AF5914ED7}.Release|Any CPU.Build.0 = Release|Any CPU
	EndGlobalSection
	GlobalSection(SolutionProperties) = preSolution
		HideSolutionNode = FALSE
	EndGlobalSection
	GlobalSection(ExtensibilityGlobals) = postSolution
		SolutionGuid = {BC60D8E4-0D40-4297-8C61-1FF07799426E}
	EndGlobalSection
EndGlobal
